# This file is automatically @generated by Poetry 2.4.1 and should not be changed by hand.

[[package]]
name = "asgiref"
version = "3.11.1"
description = "ASGI specs, helper code, and adapters"
optional = false
python-versions = ">=3.9"
groups = ["main", "dev"]
files = [
    {file = "asgiref-3.11.1-py3-none-any.whl", hash = "sha256:e8667a091e69529631969fd45dc268fa79b99c92c5fcdda727757e52146ec133"},
    {file = "asgiref-3.11.1.tar.gz", hash = "sha256:5f184dc43b7e763efe848065441eac62229c9f7b0475f41f80e207a114eda4ce"},
]

[package.extras]
tests = ["mypy (>=1.14.0)", "pytest", "pytest-asyncio"]

[[package]]
name = "asttokens"
version = "3.0.1"
description = "Annotate AST trees with source code positions"
optional = false
python-versions = ">=3.8"
groups = ["dev"]
files = [
    {file = "asttokens-3.0.1-py3-none-any.whl", hash = "sha256:15a3ebc0f43c2d0a50eeafea25e19046c68398e487b9f1f5b517f7c0f40f976a"},
    {file = "asttokens-3.0.1.tar.gz", hash = "sha256:71a4ee5de0bde6a31d64f6b13f2293ac190344478f081c3d1bccfcf5eacb0cb7"},
]

[package.extras]
astroid = ["astroid (>=2,<5)"]
test = ["astroid (>=2,<5)", "pytest (<9.0)", "pytest-cov", "pytest-xdist"]

[[package]]
name = "colorama"
version = "0.4.6"
description = "Cross-platform colored terminal text."
optional = false
python-versions = "!=3.0.*,!=3.1.*,!=3.2.*,!=3.3.*,!=3.4.*,!=3.5.*,!=3.6.*,>=2.7"
groups = ["dev"]
markers = "sys_platform == \"win32\""
files = [
    {file = "colorama-0.4.6-py2.py3-none-any.whl", hash = "sha256:4f1d9991f5acc0ca119f9d443620b77f9d6b33703e51011c16baf57afb285fc6"},
    {file = "colorama-0.4.6.tar.gz", hash = "sha256:08695f5cb7ed6e0531a20572697297273c47b8cae5a63ffc6d6ed5c201be6e44"},
]

[[package]]
name = "decorator"
version = "5.3.1"
description = "Decorators for Humans"
optional = false
python-versions = ">=3.8"
groups = ["dev"]
files = [
    {file = "decorator-5.3.1-py3-none-any.whl", hash = "sha256:f47fe6fdbd2edd623ecfe36875d37aba411624e2670dd395dddae1358689bb3c"},
    {file = "decorator-5.3.1.tar.gz", hash = "sha256:4cbcdd55a6efadb9dbea26b858f4fb3264567b52d69ca0d25b721b553f60ea82"},
]

[[package]]
name = "django"
version = "6.0.6"
description = "A high-level Python web framework that encourages rapid development and clean, pragmatic design."
optional = false
python-versions = ">=3.12"
groups = ["main", "dev"]
files = [
    {file = "django-6.0.6-py3-none-any.whl", hash = "sha256:25148b1194c47c2e685e5f5e9c5d59c78b075dfd282cb9618861ba6c1708f4d2"},
    {file = "django-6.0.6.tar.gz", hash = "sha256:ad03916ba59523d781ae5c3f631960c23d69a9d9c43cecda52fc23b47e953713"},
]

[package.dependencies]
asgiref = ">=3.9.1"
sqlparse = ">=0.5.0"
tzdata = {version = "*", markers = "sys_platform == \"win32\""}

[package.extras]
argon2 = ["argon2-cffi (>=23.1.0)"]
bcrypt = ["bcrypt (>=4.1.1)"]

[[package]]
name = "django-debug-toolbar"
version = "6.3.0"
description = "A configurable set of panels that display various debug information about the current request/response."
optional = false
python-versions = ">=3.10"
groups = ["dev"]
files = [
    {file = "django_debug_toolbar-6.3.0-py3-none-any.whl", hash = "sha256:a199ce3d0f884739a9096835ad417479fede05f3b3c4824bc8b354721ba8f629"},
    {file = "django_debug_toolbar-6.3.0.tar.gz", hash = "sha256:f830a86fe02e17f625a22cfbed24a5bd1500762e201ec959c50efb0f9327282b"},
]

[package.dependencies]
django = ">=4.2.9"
sqlparse = ">=0.2"

[[package]]
name = "executing"
version = "2.2.1"
description = "Get the currently executing AST node of a frame, and other information"
optional = false
python-versions = ">=3.8"
groups = ["dev"]
files = [
    {file = "executing-2.2.1-py2.py3-none-any.whl", hash = "sha256:760643d3452b4d777d295bb167ccc74c64a81df23fb5e08eff250c425a4b2017"},
    {file = "executing-2.2.1.tar.gz", hash = "sha256:3632cc370565f6648cc328b32435bd120a1e4ebb20c77e3fdde9a13cd1e533c4"},
]

[package.extras]
tests = ["asttokens (>=2.1.0)", "coverage", "coverage-enable-subprocess", "ipython", "littleutils", "pytest", "rich ; python_version >= \"3.11\""]

[[package]]
name = "ipython"
version = "9.14.1"
description = "IPython: Productive Interactive Computing"
optional = false
python-versions = ">=3.11"
groups = ["dev"]
files = [
    {file = "ipython-9.14.1-py3-none-any.whl", hash = "sha256:5d4a9ecaa3b10e6e5f269dd0948bdb58ca9cb851899cd23e07c320d3eb11613c"},
    {file = "ipython-9.14.1.tar.gz", hash = "sha256:f913bf74df06d458e46ced84ca506c23797590d594b236fe60b14df213291e7b"},
]

[package.dependencies]
colorama = {version = ">=0.4.4", markers = "sys_platform == \"win32\""}
decorator = ">=5.1.0"
ipython-pygments-lexers = ">=1.0.0"
jedi = ">=0.18.2"
matplotlib-inline = ">=0.1.6"
pexpect = {version = ">4.6", markers = "sys_platform != \"win32\" and sys_platform != \"emscripten\""}
prompt_toolkit = ">=3.0.41,<3.1.0"
psutil = {version = ">=7", markers = "sys_platform != \"emscripten\""}
pygments = ">=2.14.0"
stack_data = ">=0.6.0"
traitlets = ">=5.13.0"

[package.extras]
all = ["argcomplete (>=3.0)", "ipython[doc,matplotlib,terminal,test,test-extra]", "types-decorator"]
black = ["black"]
doc = ["docrepr", "exceptiongroup", "intersphinx_registry", "ipykernel", "ipython[matplotlib,test]", "setuptools (>=80.0)", "sphinx (>=8.0)", "sphinx-rtd-theme (>=0.1.8)", "sphinx_toml (==0.0.4)", "typing_extensions"]
matplotlib = ["matplotlib (>3.9)"]
test = ["packaging (>=23.0.0)", "pytest (>=7.0.0)", "pytest-asyncio (>=1.0.0)", "setuptools (>=80.0)", "testpath (>=0.2)"]
test-extra = ["curio", "ipykernel (>6.30)", "ipython[matplotlib]", "ipython[test]", "jupyter_ai", "nbclient", "nbformat", "numpy (>=2.0)", "pandas (>2.1)", "trio (>=0.22.0)"]

[[package]]
name = "ipython-pygments-lexers"
version = "1.1.1"
description = "Defines a variety of Pygments lexers for highlighting IPython code."
optional = false
python-versions = ">=3.8"
groups = ["dev"]
files = [
    {file = "ipython_pygments_lexers-1.1.1-py3-none-any.whl", hash = "sha256:a9462224a505ade19a605f71f8fa63c2048833ce50abc86768a0d81d876dc81c"},
    {file = "ipython_pygments_lexers-1.1.1.tar.gz", hash = "sha256:09c0138009e56b6854f9535736f4171d855c8c08a563a0dcd8022f78355c7e81"},
]

[package.dependencies]
pygments = "*"

[[package]]
name = "jedi"
version = "0.20.0"
description = "An autocompletion tool for Python that can be used for text editors."
optional = false
python-versions = ">=3.10"
groups = ["dev"]
files = [
    {file = "jedi-0.20.0-py2.py3-none-any.whl", hash = "sha256:7bdd9c2634f56713299976f4cbd59cb3fa92165cc5e05ea811fb253480728b67"},
    {file = "jedi-0.20.0.tar.gz", hash = "sha256:c3f4ccbd276696f4b19c54618d4fb18f9fc24b0aef02acf704b23f487daa1011"},
]

[package.dependencies]
parso = ">=0.8.6,<0.9.0"

[package.extras]
dev = ["Django", "attrs", "colorama", "docopt", "flake8 (==7.1.2)", "pytest (<9.0.0)", "types-setuptools (==80.9.0.20250529)", "typing-extensions", "zuban (==0.7.0)"]
docs = ["Jinja2 (==3.1.6)", "MarkupSafe (==3.0.3)", "Pygments (==2.20.0)", "Sphinx (==9.1.0)", "alabaster (==1.0.0)", "babel (==2.18.0)", "certifi (==2026.4.22)", "charset-normalizer (==3.4.7)", "docutils (==0.22.4)", "idna (==3.13)", "imagesize (==2.0.0)", "iniconfig (==2.3.0)", "packaging (==26.2)", "pluggy (==1.6.0)", "pytest (==9.0.3)", "requests (==2.33.1)", "roman-numerals (==4.1.0)", "snowballstemmer (==3.0.1)", "sphinx-rtd-theme (==3.1.0)", "sphinxcontrib-applehelp (==2.0.0)", "sphinxcontrib-devhelp (==2.0.0)", "sphinxcontrib-htmlhelp (==2.1.0)", "sphinxcontrib-jquery (==4.1)", "sphinxcontrib-jsmath (==1.0.1)", "sphinxcontrib-qthelp (==2.0.0)", "sphinxcontrib-serializinghtml (==2.0.0)", "urllib3 (==2.6.3)"]

[[package]]
name = "matplotlib-inline"
version = "0.2.2"
description = "Inline Matplotlib backend for Jupyter"
optional = false
python-versions = ">=3.9"
groups = ["dev"]
files = [
    {file = "matplotlib_inline-0.2.2-py3-none-any.whl", hash = "sha256:3c821cf1c209f59fb2d2d64abbf5b23b67bcb2210d663f9918dd851c6da1fcf6"},
    {file = "matplotlib_inline-0.2.2.tar.gz", hash = "sha256:72f3fe8fce36b70d4a5b612f899090cd0401deddc4ea90e1572b9f4bfb058c79"},
]

[package.dependencies]
traitlets = "*"

[package.extras]
test = ["flake8", "matplotlib", "nbdime", "nbval", "notebook", "pytest"]

[[package]]
name = "parso"
version = "0.8.7"
description = "A Python Parser"
optional = false
python-versions = ">=3.6"
groups = ["dev"]
files = [
    {file = "parso-0.8.7-py2.py3-none-any.whl", hash = "sha256:a8926eb2a1b915486941fdbd31e86a4baf88fe8c210f25f2f35ecec5b574ca1c"},
    {file = "parso-0.8.7.tar.gz", hash = "sha256:eaaac4c9fdd5e9e8852dc778d2d7405897ec510f2a298071453e5e3a07914bb1"},
]

[package.extras]
qa = ["flake8 (==5.0.4)", "types-setuptools (==67.2.0.1)", "zuban (==0.5.1)"]
testing = ["docopt", "pytest"]

[[package]]
name = "pexpect"
version = "4.9.0"
description = "Pexpect allows easy control of interactive console applications."
optional = false
python-versions = "*"
groups = ["dev"]
markers = "sys_platform != \"win32\" and sys_platform != \"emscripten\""
files = [
    {file = "pexpect-4.9.0-py2.py3-none-any.whl", hash = "sha256:7236d1e080e4936be2dc3e326cec0af72acf9212a7e1d060210e70a47e253523"},
    {file = "pexpect-4.9.0.tar.gz", hash = "sha256:ee7d41123f3c9911050ea2c2dac107568dc43b2d3b0c7557a33212c398ead30f"},
]

[package.dependencies]
ptyprocess = ">=0.5"

[[package]]
name = "prompt-toolkit"
version = "3.0.52"
description = "Library for building powerful interactive command lines in Python"
optional = false
python-versions = ">=3.8"
groups = ["dev"]
files = [
    {file = "prompt_toolkit-3.0.52-py3-none-any.whl", hash = "sha256:9aac639a3bbd33284347de5ad8d68ecc044b91a762dc39b7c21095fcd6a19955"},
    {file = "prompt_toolkit-3.0.52.tar.gz", hash = "sha256:28cde192929c8e7321de85de1ddbe736f1375148b02f2e17edd840042b1be855"},
]

[package.dependencies]
wcwidth = "*"

[[package]]
name = "psutil"
version = "7.2.2"
description = "Cross-platform lib for process and system monitoring."
optional = false
python-versions = ">=3.6"
groups = ["dev"]
markers = "sys_platform != \"emscripten\""
files = [
    {file = "psutil-7.2.2-cp313-cp313t-macosx_10_13_x86_64.whl", hash = "sha256:2edccc433cbfa046b980b0df0171cd25bcaeb3a68fe9022db0979e7aa74a826b"},
    {file = "psutil-7.2.2-cp313-cp313t-macosx_11_0_arm64.whl", hash = "sha256:e78c8603dcd9a04c7364f1a3e670cea95d51ee865e4efb3556a3a63adef958ea"},
    {file = "psutil-7.2.2-cp313-cp313t-manylinux2010_x86_64.manylinux_2_12_x86_64.manylinux_2_28_x86_64.whl", hash = "sha256:1a571f2330c966c62aeda00dd24620425d4b0cc86881c89861fbc04549e5dc63"},
    {file = "psutil-7.2.2-cp313-cp313t-manylinux2014_aarch64.manylinux_2_17_aarch64.manylinux_2_28_aarch64.whl", hash = "sha256:917e891983ca3c1887b4ef36447b1e0873e70c933afc831c6b6da078ba474312"},
    {file = "psutil-7.2.2-cp313-cp313t-win_amd64.whl", hash = "sha256:ab486563df44c17f5173621c7b198955bd6b613fb87c71c161f827d3fb149a9b"},
    {file = "psutil-7.2.2-cp313-cp313t-win_arm64.whl", hash = "sha256:ae0aefdd8796a7737eccea863f80f81e468a1e4cf14d926bd9b6f5f2d5f90ca9"},
    {file = "psutil-7.2.2-cp314-cp314t-macosx_10_15_x86_64.whl", hash = "sha256:eed63d3b4d62449571547b60578c5b2c4bcccc5387148db46e0c2313dad0ee00"},
    {file = "psutil-7.2.2-cp314-cp314t-macosx_11_0_arm64.whl", hash = "sha256:7b6d09433a10592ce39b13d7be5a54fbac1d1228ed29abc880fb23df7cb694c9"},
    {file = "psutil-7.2.2-cp314-cp314t-manylinux2010_x86_64.manylinux_2_12_x86_64.manylinux_2_28_x86_64.whl", hash = "sha256:1fa4ecf83bcdf6e6c8f4449aff98eefb5d0604bf88cb883d7da3d8d2d909546a"},
    {file = "psutil-7.2.2-cp314-cp314t-manylinux2014_aarch64.manylinux_2_17_aarch64.manylinux_2_28_aarch64.whl", hash = "sha256:e452c464a02e7dc7822a05d25db4cde564444a67e58539a00f929c51eddda0cf"},
    {file = "psutil-7.2.2-cp314-cp314t-win_amd64.whl", hash = "sha256:c7663d4e37f13e884d13994247449e9f8f574bc4655d509c3b95e9ec9e2b9dc1"},
    {file = "psutil-7.2.2-cp314-cp314t-win_arm64.whl", hash = "sha256:11fe5a4f613759764e79c65cf11ebdf26e33d6dd34336f8a337aa2996d71c841"},
    {file = "psutil-7.2.2-cp36-abi3-macosx_10_9_x86_64.whl", hash = "sha256:ed0cace939114f62738d808fdcecd4c869222507e266e574799e9c0faa17d486"},
    {file = "psutil-7.2.2-cp36-abi3-macosx_11_0_arm64.whl", hash = "sha256:1a7b04c10f32cc88ab39cbf606e117fd74721c831c98a27dc04578deb0c16979"},
    {file = "psutil-7.2.2-cp36-abi3-manylinux2010_x86_64.manylinux_2_12_x86_64.manylinux_2_28_x86_64.whl", hash = "sha256:076a2d2f923fd4821644f5ba89f059523da90dc9014e85f8e45a5774ca5bc6f9"},
    {file = "psutil-7.2.2-cp36-abi3-manylinux2014_aarch64.manylinux_2_17_aarch64.manylinux_2_28_aarch64.whl", hash = "sha256:b0726cecd84f9474419d67252add4ac0cd9811b04d61123054b9fb6f57df6e9e"},
    {file = "psutil-7.2.2-cp36-abi3-musllinux_1_2_aarch64.whl", hash = "sha256:fd04ef36b4a6d599bbdb225dd1d3f51e00105f6d48a28f006da7f9822f2606d8"},
    {file = "psutil-7.2.2-cp36-abi3-musllinux_1_2_x86_64.whl", hash = "sha256:b58fabe35e80b264a4e3bb23e6b96f9e45a3df7fb7eed419ac0e5947c61e47cc"},
    {file = "psutil-7.2.2-cp37-abi3-win_amd64.whl", hash = "sha256:eb7e81434c8d223ec4a219b5fc1c47d0417b12be7ea866e24fb5ad6e84b3d988"},
    {file = "psutil-7.2.2-cp37-abi3-win_arm64.whl", hash = "sha256:8c233660f575a5a89e6d4cb65d9f938126312bca76d8fe087b947b3a1aaac9ee"},
    {file = "psutil-7.2.2.tar.gz", hash = "sha256:0746f5f8d406af344fd547f1c8daa5f5c33dbc293bb8d6a16d80b4bb88f59372"},
]

[package.extras]
dev = ["abi3audit", "black", "check-manifest", "colorama ; os_name == \"nt\"", "coverage", "packaging", "psleak", "pylint", "pyperf", "pypinfo", "pyreadline3 ; os_name == \"nt\"", "pytest", "pytest-cov", "pytest-instafail", "pytest-xdist", "pywin32 ; os_name == \"nt\" and implementation_name != \"pypy\"", "requests", "rstcheck", "ruff", "setuptools", "sphinx", "sphinx_rtd_theme", "toml-sort", "twine", "validate-pyproject[all]", "virtualenv", "vulture", "wheel", "wheel ; os_name == \"nt\" and implementation_name != \"pypy\"", "wmi ; os_name == \"nt\" and implementation_name != \"pypy\""]
test = ["psleak", "pytest", "pytest-instafail", "pytest-xdist", "pywin32 ; os_name == \"nt\" and implementation_name != \"pypy\"", "setuptools", "wheel ; os_name == \"nt\" and implementation_name != \"pypy\"", "wmi ; os_name == \"nt\" and implementation_name != \"pypy\""]

[[package]]
name = "ptyprocess"
version = "0.7.0"
description = "Run a subprocess in a pseudo terminal"
optional = false
python-versions = "*"
groups = ["dev"]
markers = "sys_platform != \"win32\" and sys_platform != \"emscripten\""
files = [
    {file = "ptyprocess-0.7.0-py2.py3-none-any.whl", hash = "sha256:4b41f3967fce3af57cc7e94b888626c18bf37a083e3651ca8feeb66d492fef35"},
    {file = "ptyprocess-0.7.0.tar.gz", hash = "sha256:5c5d0a3b48ceee0b48485e0c26037c0acd7d29765ca3fbb5cb3831d347423220"},
]

[[package]]
name = "pure-eval"
version = "0.2.3"
description = "Safely evaluate AST nodes without side effects"
optional = false
python-versions = "*"
groups = ["dev"]
files = [
    {file = "pure_eval-0.2.3-py3-none-any.whl", hash = "sha256:1db8e35b67b3d218d818ae653e27f06c3aa420901fa7b081ca98cbedc874e0d0"},
    {file = "pure_eval-0.2.3.tar.gz", hash = "sha256:5f4e983f40564c576c7c8635ae88db5956bb2229d7e9237d03b3c0b0190eaf42"},
]

[package.extras]
tests = ["pytest"]

[[package]]
name = "pygments"
version = "2.20.0"
description = "Pygments is a syntax highlighting package written in Python."
optional = false
python-versions = ">=3.9"
groups = ["dev"]
files = [
    {file = "pygments-2.20.0-py3-none-any.whl", hash = "sha256:81a9e26dd42fd28a23a2d169d86d7ac03b46e2f8b59ed4698fb4785f946d0176"},
    {file = "pygments-2.20.0.tar.gz", hash = "sha256:6757cd03768053ff99f3039c1a36d6c0aa0b263438fcab17520b30a303a82b5f"},
]

[package.extras]
windows-terminal = ["colorama (>=0.4.6)"]

[[package]]
name = "python-dotenv"
version = "1.2.2"
description = "Read key-value pairs from a .env file and set them as environment variables"
optional = false
python-versions = ">=3.10"
groups = ["main"]
files = [
    {file = "python_dotenv-1.2.2-py3-none-any.whl", hash = "sha256:1d8214789a24de455a8b8bd8ae6fe3c6b69a5e3d64aa8a8e5d68e694bbcb285a"},
    {file = "python_dotenv-1.2.2.tar.gz", hash = "sha256:2c371a91fbd7ba082c2c1dc1f8bf89ca22564a087c2c287cd9b662adde799cf3"},
]

[package.extras]
cli = ["click (>=5.0)"]

[[package]]
name = "ruff"
version = "0.15.17"
description = "An extremely fast Python linter and code formatter, written in Rust."
optional = false
python-versions = ">=3.7"
groups = ["dev"]
files = [
    {file = "ruff-0.15.17-py3-none-linux_armv6l.whl", hash = "sha256:d9feddb927fc68bd295f5eebc587a7e42cfaf9b65f60ca4a2386febff575da8f"},
    {file = "ruff-0.15.17-py3-none-macosx_10_12_x86_64.whl", hash = "sha256:25805a226d741c47d274a35ad5c10a7dde175fcddfa511d7cf3da0a21eb3eab7"},
    {file = "ruff-0.15.17-py3-none-macosx_11_0_arm64.whl", hash = "sha256:f6ad73b14c2d18a3bf8ad7cb6974294d7f613a7898604826058e6ac64918ef4d"},
    {file = "ruff-0.15.17-py3-none-manylinux_2_17_aarch64.manylinux2014_aarch64.whl", hash = "sha256:6ba0c1e4f95bcb3869d0d30cbd5917071ef2e28665abfec970cdab0492c713ed"},
    {file = "ruff-0.15.17-py3-none-manylinux_2_17_armv7l.manylinux2014_armv7l.whl", hash = "sha256:81647960f10bff57d2e51cadd0c3950fe598400c852863a038720ef5b8cca91e"},
    {file = "ruff-0.15.17-py3-none-manylinux_2_17_i686.manylinux2014_i686.whl", hash = "sha256:0e01a84ddbc8c16c23055ba3924476850f1bbc1917cebbb9376665a63e74260d"},
    {file = "ruff-0.15.17-py3-none-manylinux_2_17_ppc64le.manylinux2014_ppc64le.whl", hash = "sha256:84fe9f653152f8f294f9f7e03bf3a453d8b4a27f7a59c78c8666167f2b17b96c"},
    {file = "ruff-0.15.17-py3-none-manylinux_2_17_s390x.manylinux2014_s390x.whl", hash = "sha256:8c0fe88a7676e7a05b73174d4d4a59cb2ac21ff8263583f87a81a6018475a978"},
    {file = "ruff-0.15.17-py3-none-manylinux_2_17_x86_64.manylinux2014_x86_64.whl", hash = "sha256:ecfc3c7878fff94633ab0348524e093f9ce3243080416dd7d14f8ba400174719"},
    {file = "ruff-0.15.17-py3-none-manylinux_2_31_riscv64.whl", hash = "sha256:b8461180b22420b1bdc289909410930761629fddf2a5aaf60fae1ab26cedc4c4"},
    {file = "ruff-0.15.17-py3-none-musllinux_1_2_aarch64.whl", hash = "sha256:6eccbe50a038b503e7140b441aa9c7fc8c1f36edf23ebef9f4165c2f28f568b7"},
    {file = "ruff-0.15.17-py3-none-musllinux_1_2_armv7l.whl", hash = "sha256:382fc0521025f5a8ad447d8bdd523545d0d7646adb718eb1c2dac5065ec27c0f"},
    {file = "ruff-0.15.17-py3-none-musllinux_1_2_i686.whl", hash = "sha256:456d41fcd1b2777ad63f09a6e7121d43f7b688bbc76a800c10f7f8fb1f912c3f"},
    {file = "ruff-0.15.17-py3-none-musllinux_1_2_x86_64.whl", hash = "sha256:b1a04bcc94ae6194e9db05d16ad31f298a7194bfbcb08258bbe589cee1d587b8"},
    {file = "ruff-0.15.17-py3-none-win32.whl", hash = "sha256:596065960ab1ff593f744220c9fe6580eda00a95003cffa9f4048bb5b1bf0392"},
    {file = "ruff-0.15.17-py3-none-win_amd64.whl", hash = "sha256:6769e5fa1710b179b92e0bfa5a51735b35baea9013dadb06d5f44cbcf9547084"},
    {file = "ruff-0.15.17-py3-none-win_arm64.whl", hash = "sha256:f3be1fbb34bcdfd146240d8fb92a709d4c2c8191348580a3c044ec60fa0b4456"},
    {file = "ruff-0.15.17.tar.gz", hash = "sha256:2ec446937fd16c8c4de2674a209cc5af64d9c6f17d21fbf1151054fa0bcf5219"},
]

[[package]]
name = "sqlparse"
version = "0.5.5"
description = "A non-validating SQL parser."
optional = false
python-versions = ">=3.8"
groups = ["main", "dev"]
files = [
    {file = "sqlparse-0.5.5-py3-none-any.whl", hash = "sha256:12a08b3bf3eec877c519589833aed092e2444e68240a3577e8e26148acc7b1ba"},
    {file = "sqlparse-0.5.5.tar.gz", hash = "sha256:e20d4a9b0b8585fdf63b10d30066c7c94c5d7a7ec47c889a2d83a3caa93ff28e"},
]

[package.extras]
dev = ["build"]
doc = ["sphinx"]

[[package]]
name = "stack-data"
version = "0.6.3"
description = "Extract data from python stack frames and tracebacks for informative displays"
optional = false
python-versions = "*"
groups = ["dev"]
files = [
    {file = "stack_data-0.6.3-py3-none-any.whl", hash = "sha256:d5558e0c25a4cb0853cddad3d77da9891a08cb85dd9f9f91b9f8cd66e511e695"},
    {file = "stack_data-0.6.3.tar.gz", hash = "sha256:836a778de4fec4dcd1dcd89ed8abff8a221f58308462e1c4aa2a3cf30148f0b9"},
]

[package.dependencies]
asttokens = ">=2.1.0"
executing = ">=1.2.0"
pure-eval = "*"

[package.extras]
tests = ["cython", "littleutils", "pygments", "pytest", "typeguard"]

[[package]]
name = "traitlets"
version = "5.15.1"
description = "Traitlets Python configuration system"
optional = false
python-versions = ">=3.9"
groups = ["dev"]
files = [
    {file = "traitlets-5.15.1-py3-none-any.whl", hash = "sha256:770a53705f84b81ac107e83a1b3328ff2dae16094d8fc3cfc004e4b22dfd8e92"},
    {file = "traitlets-5.15.1.tar.gz", hash = "sha256:7b1c07854fe25acb39e009bae49f11b79ff6cbb2f27999104e9110e7a6b53722"},
]

[package.extras]
docs = ["myst-parser", "pydata-sphinx-theme", "sphinx"]
test = ["argcomplete (>=3.0.3)", "mypy (>=1.17.0,<1.19)", "pre-commit", "pytest (>=7.0,<8.2)", "pytest-mock", "pytest-mypy-testing"]

[[package]]
name = "tzdata"
version = "2026.2"
description = "Provider of IANA time zone data"
optional = false
python-versions = ">=2"
groups = ["main", "dev"]
markers = "sys_platform == \"win32\""
files = [
    {file = "tzdata-2026.2-py2.py3-none-any.whl", hash = "sha256:bbe9af844f658da81a5f95019480da3a89415801f6cc966806612cc7169bffe7"},
    {file = "tzdata-2026.2.tar.gz", hash = "sha256:9173fde7d80d9018e02a662e168e5a2d04f87c41ea174b139fbef642eda62d10"},
]

[[package]]
name = "wcwidth"
version = "0.8.1"
description = "Measures the displayed width of unicode strings in a terminal"
optional = false
python-versions = ">=3.8"
groups = ["dev"]
files = [
    {file = "wcwidth-0.8.1-py3-none-any.whl", hash = "sha256:f453740b1e4a4f3291faa37944c555d71056c4da08d59809b307ef4feba695c8"},
    {file = "wcwidth-0.8.1.tar.gz", hash = "sha256:faf5b4a5366a72dc49cad48cdf21f52bdf63bdda995178e483ba247ff79089b9"},
]

[metadata]
lock-version = "2.1"
python-versions = "^3.12"
content-hash = "d387e2552d2aea9dd17f237f6f7e090dd5705c6b926e36e6df49bfd8973753fe"
